{
  "lockfile_version": "1",
  "packages": {
    "curl": {
      "resolved": "github:NixOS/nixpkgs/ca77296380960cd497a765102eeb1356eb80fed0?narHash=sha256-PgLSZDBEWUHpfTRfFyklmiiLBE1i1aGCtz4eRA3POao%3D#curl",
      "source": "nixpkg",
      "systems": {
        "x86_64-linux": {
          "outputs": [
            {
              "name": "man",
              "path": "/nix/store/bsga1570f0sxs832blngxcb7jcc706mw-curl-8.14.1-man",
              "default": true
            },
            {
              "name": "bin",
              "path": "/nix/store/vdl7fgasaimqnkr47xw8vq7alafv9zyx-curl-8.14.1-bin",
              "default": true
            }
          ]
        }
      }
    },
    "fastlane@latest": {
      "last_modified": "2026-05-20T06:38:13Z",
      "resolved": "github:NixOS/nixpkgs/d99b013d5d1931ad77fe3912ed218170dec5d9a4#fastlane",
      "source": "devbox-search",
      "version": "2.232.2",
      "systems": {
        "aarch64-darwin": {
          "outputs": [
            {
              "name": "out",
              "path": "/nix/store/nl9l6qs46q2rd2y79aml307k9fyfj5ck-fastlane-2.232.2",
              "default": true
            }
          ],
          "store_path": "/nix/store/nl9l6qs46q2rd2y79aml307k9fyfj5ck-fastlane-2.232.2"
        },
        "aarch64-linux": {
          "outputs": [
            {
              "name": "out",
              "path": "/nix/store/3skjmb826na0cz2rr8s80d16a4jc1bz2-fastlane-2.232.2",
              "default": true
            }
          ],
          "store_path": "/nix/store/3skjmb826na0cz2rr8s80d16a4jc1bz2-fastlane-2.232.2"
        },
        "x86_64-darwin": {
          "outputs": [
            {
              "name": "out",
              "path": "/nix/store/hfk079ssc25j7kmaz8qw3n4mk8qhhsgs-fastlane-2.232.2",
              "default": true
            }
          ],
          "store_path": "/nix/store/hfk079ssc25j7kmaz8qw3n4mk8qhhsgs-fastlane-2.232.2"
        },
        "x86_64-linux": {
          "outputs": [
            {
              "name": "out",
              "path": "/nix/store/i0fdkc7g2i0gc1jbcjl3vapf09pk3gi1-fastlane-2.232.2",
              "default": true
            }
          ],
          "store_path": "/nix/store/i0fdkc7g2i0gc1jbcjl3vapf09pk3gi1-fastlane-2.232.2"
        }
      }
    },
    "git": {
      "resolved": "github:NixOS/nixpkgs/ca77296380960cd497a765102eeb1356eb80fed0?narHash=sha256-PgLSZDBEWUHpfTRfFyklmiiLBE1i1aGCtz4eRA3POao%3D#git",
      "source": "nixpkg",
      "systems": {
        "x86_64-linux": {
          "outputs": [
            {
              "path": "/nix/store/zhv8ib8y1zfi76afddfnp8fmm562bgaa-git-2.50.1",
              "default": true
            }
          ]
        }
      }
    },
    "git-lfs": {
      "resolved": "github:NixOS/nixpkgs/ca77296380960cd497a765102eeb1356eb80fed0?narHash=sha256-PgLSZDBEWUHpfTRfFyklmiiLBE1i1aGCtz4eRA3POao%3D#git-lfs",
      "source": "nixpkg"
    },
    "github:NixOS/nixpkgs/nixpkgs-unstable": {
      "last_modified": "2025-09-05T01:14:44Z",
      "resolved": "github:NixOS/nixpkgs/ca77296380960cd497a765102eeb1356eb80fed0?lastModified=1757034884&narHash=sha256-PgLSZDBEWUHpfTRfFyklmiiLBE1i1aGCtz4eRA3POao%3D"
    },
    "jq": {
      "resolved": "github:NixOS/nixpkgs/ca77296380960cd497a765102eeb1356eb80fed0?narHash=sha256-PgLSZDBEWUHpfTRfFyklmiiLBE1i1aGCtz4eRA3POao%3D#jq",
      "source": "nixpkg",
      "systems": {
        "x86_64-linux": {
          "outputs": [
            {
              "name": "man",
              "path": "/nix/store/xvv5ss0sb0y0bfi7m19smls37afsxmvi-jq-1.8.1-man",
              "default": true
            },
            {
              "name": "bin",
              "path": "/nix/store/zjl3cfsqvwiz2g943sm15n1gghv793m3-jq-1.8.1-bin",
              "default": true
            }
          ]
        }
      }
    },
    "nodejs_20": {
      "plugin_version": "0.0.3",
      "resolved": "github:NixOS/nixpkgs/ca77296380960cd497a765102eeb1356eb80fed0?narHash=sha256-PgLSZDBEWUHpfTRfFyklmiiLBE1i1aGCtz4eRA3POao%3D#nodejs_20",
      "source": "nixpkg",
      "systems": {
        "x86_64-linux": {
          "outputs": [
            {
              "path": "/nix/store/4i5h4acwfks571bagg651zdp0fybv93s-nodejs-20.19.4",
              "default": true
            }
          ]
        }
      }
    },
    "tilt": {
      "resolved": "github:NixOS/nixpkgs/ca77296380960cd497a765102eeb1356eb80fed0?narHash=sha256-PgLSZDBEWUHpfTRfFyklmiiLBE1i1aGCtz4eRA3POao%3D#tilt",
      "source": "nixpkg"
    },
    "yarn": {
      "resolved": "github:NixOS/nixpkgs/ca77296380960cd497a765102eeb1356eb80fed0?narHash=sha256-PgLSZDBEWUHpfTRfFyklmiiLBE1i1aGCtz4eRA3POao%3D#yarn",
      "source": "nixpkg",
      "systems": {
        "x86_64-linux": {
          "outputs": [
            {
              "path": "/nix/store/0wckc0rh5m1v74g0sb3xa9ax0rf1dfg5-yarn-1.22.22",
              "default": true
            }
          ]
        }
      }
    }
  }
}
